
Microsoft Visual Studio Solution File, Format Version 12.00
# Visual Studio Version 17
VisualStudioVersion = 17.9.34728.123
MinimumVisualStudioVersion = 10.0.40219.1
Project("{FAE04EC0-301F-11D3-BF4B-00C04F79EFBC}") = "CamionesAPI", "CamionesAPI\CamionesAPI.csproj", "{0A27A859-40AF-4CB5-B12C-310C3477AE8D}"
EndProject
Global
	GlobalSection(SolutionConfigurationPlatforms) = preSolution
		Debug|Any CPU = Debug|Any CPU
		Release|Any CPU = Release|Any CPU
	EndGlobalSection
	GlobalSection(ProjectConfigurationPlatforms) = postSolution
		{0A27A859-40AF-4CB5-B12C-310C3477AE8D}.Debug|Any CPU.ActiveCfg = Debug|Any CPU
		{0A27A859-40AF-4CB5-B12C-310C3477AE8D}.Debug|Any CPU.Build.0 = Debug|Any CPU
		{0A27A859-40AF-4CB5-B12C-310C3477AE8D}.Release|Any CPU.ActiveCfg = Release|Any CPU
		{0A27A859-40AF-4CB5-B12C-310C3477AE8D}.Release|Any CPU.Build.0 = Release|Any CPU
	EndGlobalSection
	GlobalSection(SolutionProperties) = preSolution
		HideSolutionNode = FALSE
	EndGlobalSection
	GlobalSection(ExtensibilityGlobals) = postSolution
		SolutionGuid = {7925C8F1-5531-4F64-A9B4-334EC5415096}
	EndGlobalSection
EndGlobal
